
Microsoft Visual Studio Solution File, Format Version 12.00
# Visual Studio 14
VisualStudioVersion = 14.0.23107.0
MinimumVisualStudioVersion = 10.0.40219.1
Project("{FAE04EC0-301F-11D3-BF4B-00C04F79EFBC}") = "WebApplication19", "WebApplication19\WebApplication19.csproj", "{31900EB5-7C63-4259-8650-FCD2732D223E}"
EndProject
Global
	GlobalSection(SolutionConfigurationPlatforms) = preSolution
		Debug|Any CPU = Debug|Any CPU
		Release|Any CPU = Release|Any CPU
	EndGlobalSection
	GlobalSection(ProjectConfigurationPlatforms) = postSolution
		{31900EB5-7C63-4259-8650-FCD2732D223E}.Debug|Any CPU.ActiveCfg = Debug|Any CPU
		{31900EB5-7C63-4259-8650-FCD2732D223E}.Debug|Any CPU.Build.0 = Debug|Any CPU
		{31900EB5-7C63-4259-8650-FCD2732D223E}.Release|Any CPU.ActiveCfg = Release|Any CPU
		{31900EB5-7C63-4259-8650-FCD2732D223E}.Release|Any CPU.Build.0 = Release|Any CPU
	EndGlobalSection
	GlobalSection(SolutionProperties) = preSolution
		HideSolutionNode = FALSE
	EndGlobalSection
EndGlobal
